
Microsoft Visual Studio Solution File, Format Version 12.00
# Visual Studio 15
VisualStudioVersion = 15.0.28307.645
MinimumVisualStudioVersion = 10.0.40219.1
Project("{FAE04EC0-301F-11D3-BF4B-00C04F79EFBC}") = "Microservices", "Microservices\Microservices.csproj", "{84FBCE2C-4436-482C-A7F3-4CDE33640C94}"
EndProject
Global
	GlobalSection(SolutionConfigurationPlatforms) = preSolution
		Debug|Any CPU = Debug|Any CPU
		Release|Any CPU = Release|Any CPU
	EndGlobalSection
	GlobalSection(ProjectConfigurationPlatforms) = postSolution
		{84FBCE2C-4436-482C-A7F3-4CDE33640C94}.Debug|Any CPU.ActiveCfg = Debug|Any CPU
		{84FBCE2C-4436-482C-A7F3-4CDE33640C94}.Debug|Any CPU.Build.0 = Debug|Any CPU
		{84FBCE2C-4436-482C-A7F3-4CDE33640C94}.Release|Any CPU.ActiveCfg = Release|Any CPU
		{84FBCE2C-4436-482C-A7F3-4CDE33640C94}.Release|Any CPU.Build.0 = Release|Any CPU
	EndGlobalSection
	GlobalSection(SolutionProperties) = preSolution
		HideSolutionNode = FALSE
	EndGlobalSection
	GlobalSection(ExtensibilityGlobals) = postSolution
		SolutionGuid = {2567E0DE-2B76-4676-9D03-EA4B94AE249C}
	EndGlobalSection
EndGlobal
